
Microsoft Visual Studio Solution File, Format Version 12.00
# Visual Studio Version 18
VisualStudioVersion = 18.0.11111.16
MinimumVisualStudioVersion = 10.0.40219.1
Project("{9A19103F-16F7-4668-BE54-9A1E7A4F7556}") = "MS-Entra-ID-Blazor-Client", "MS-Entra-ID-Blazor-Client\MS-Entra-ID-Blazor-Client.csproj", "{4C15C2EA-3AE5-4AE0-8F7C-E403418657A9}"
EndProject
Project("{9A19103F-16F7-4668-BE54-9A1E7A4F7556}") = "Entra-ID-App-WebAPI", "Entra-ID-App-WebAPI\Entra-ID-App-WebAPI.csproj", "{D13A0D90-0A23-4CD8-BFE9-B4C83816E5FB}"
EndProject
Project("{9A19103F-16F7-4668-BE54-9A1E7A4F7556}") = "EntraID-WebApp", "MS Entra .NET 8 MVC Web App\EntraID-WebApp.csproj", "{514DEA1E-FAE8-46B3-BD0C-6B94ED482099}"
EndProject
Project("{FAE04EC0-301F-11D3-BF4B-00C04F79EFBC}") = "External-EntraID-WebApp", "External-EntraID-WebApp\External-EntraID-WebApp.csproj", "{9F9C6703-0B43-C3D5-3EA5-EA7E44B7C742}"
EndProject
Project("{FAE04EC0-301F-11D3-BF4B-00C04F79EFBC}") = "External-EntraId-Blazor", "External-EntraId-Blazor\External-EntraId-Blazor.csproj", "{B3443AE9-CED1-44F9-A6F9-DE037C56D7B1}"
EndProject
Project("{FAE04EC0-301F-11D3-BF4B-00C04F79EFBC}") = "FIDO_User_Provisioing", "FIDO_User_Provisioing\FIDO_User_Provisioing.csproj", "{571CE5E3-1278-43CA-A399-4C10CB4FE582}"
EndProject
Project("{FAE04EC0-301F-11D3-BF4B-00C04F79EFBC}") = "Entra-ID-MVC-App", "Entra-ID-MVC-App\Entra-ID-MVC-App.csproj", "{3F98359B-7B79-434A-8179-01AABC753F1C}"
EndProject
Project("{FAE04EC0-301F-11D3-BF4B-00C04F79EFBC}") = "EntraID-APIM-IntegrationTests", "EntraID-APIM-IntegrationTests\EntraID-APIM-IntegrationTests.csproj", "{94FF3C25-CB1A-424D-9006-FA365532B9ED}"
EndProject
Project("{FAE04EC0-301F-11D3-BF4B-00C04F79EFBC}") = "EntraID_MI_ShareFile", "EntraID_MI_ShareFile\EntraID_MI_ShareFile.csproj", "{B27EF40A-E47E-40FD-8874-3A5CB09683D5}"
EndProject
Global
	GlobalSection(SolutionConfigurationPlatforms) = preSolution
		Debug|Any CPU = Debug|Any CPU
		Debug|x64 = Debug|x64
		Debug|x86 = Debug|x86
		Release|Any CPU = Release|Any CPU
		Release|x64 = Release|x64
		Release|x86 = Release|x86
	EndGlobalSection
	GlobalSection(ProjectConfigurationPlatforms) = postSolution
		{4C15C2EA-3AE5-4AE0-8F7C-E403418657A9}.Debug|Any CPU.ActiveCfg = Debug|Any CPU
		{4C15C2EA-3AE5-4AE0-8F7C-E403418657A9}.Debug|Any CPU.Build.0 = Debug|Any CPU
		{4C15C2EA-3AE5-4AE0-8F7C-E403418657A9}.Debug|x64.ActiveCfg = Debug|Any CPU
		{4C15C2EA-3AE5-4AE0-8F7C-E403418657A9}.Debug|x64.Build.0 = Debug|Any CPU
		{4C15C2EA-3AE5-4AE0-8F7C-E403418657A9}.Debug|x86.ActiveCfg = Debug|Any CPU
		{4C15C2EA-3AE5-4AE0-8F7C-E403418657A9}.Debug|x86.Build.0 = Debug|Any CPU
		{4C15C2EA-3AE5-4AE0-8F7C-E403418657A9}.Release|Any CPU.ActiveCfg = Release|Any CPU
		{4C15C2EA-3AE5-4AE0-8F7C-E403418657A9}.Release|Any CPU.Build.0 = Release|Any CPU
		{4C15C2EA-3AE5-4AE0-8F7C-E403418657A9}.Release|x64.ActiveCfg = Release|Any CPU
		{4C15C2EA-3AE5-4AE0-8F7C-E403418657A9}.Release|x64.Build.0 = Release|Any CPU
		{4C15C2EA-3AE5-4AE0-8F7C-E403418657A9}.Release|x86.ActiveCfg = Release|Any CPU
		{4C15C2EA-3AE5-4AE0-8F7C-E403418657A9}.Release|x86.Build.0 = Release|Any CPU
		{D13A0D90-0A23-4CD8-BFE9-B4C83816E5FB}.Debug|Any CPU.ActiveCfg = Debug|Any CPU
		{D13A0D90-0A23-4CD8-BFE9-B4C83816E5FB}.Debug|Any CPU.Build.0 = Debug|Any CPU
		{D13A0D90-0A23-4CD8-BFE9-B4C83816E5FB}.Debug|x64.ActiveCfg = Debug|Any CPU
		{D13A0D90-0A23-4CD8-BFE9-B4C83816E5FB}.Debug|x64.Build.0 = Debug|Any CPU
		{D13A0D90-0A23-4CD8-BFE9-B4C83816E5FB}.Debug|x86.ActiveCfg = Debug|Any CPU
		{D13A0D90-0A23-4CD8-BFE9-B4C83816E5FB}.Debug|x86.Build.0 = Debug|Any CPU
		{D13A0D90-0A23-4CD8-BFE9-B4C83816E5FB}.Release|Any CPU.ActiveCfg = Release|Any CPU
		{D13A0D90-0A23-4CD8-BFE9-B4C83816E5FB}.Release|Any CPU.Build.0 = Release|Any CPU
		{D13A0D90-0A23-4CD8-BFE9-B4C83816E5FB}.Release|x64.ActiveCfg = Release|Any CPU
		{D13A0D90-0A23-4CD8-BFE9-B4C83816E5FB}.Release|x64.Build.0 = Release|Any CPU
		{D13A0D90-0A23-4CD8-BFE9-B4C83816E5FB}.Release|x86.ActiveCfg = Release|Any CPU
		{D13A0D90-0A23-4CD8-BFE9-B4C83816E5FB}.Release|x86.Build.0 = Release|Any CPU
		{514DEA1E-FAE8-46B3-BD0C-6B94ED482099}.Debug|Any CPU.ActiveCfg = Debug|Any CPU
		{514DEA1E-FAE8-46B3-BD0C-6B94ED482099}.Debug|Any CPU.Build.0 = Debug|Any CPU
		{514DEA1E-FAE8-46B3-BD0C-6B94ED482099}.Debug|x64.ActiveCfg = Debug|Any CPU
		{514DEA1E-FAE8-46B3-BD0C-6B94ED482099}.Debug|x64.Build.0 = Debug|Any CPU
		{514DEA1E-FAE8-46B3-BD0C-6B94ED482099}.Debug|x86.ActiveCfg = Debug|Any CPU
		{514DEA1E-FAE8-46B3-BD0C-6B94ED482099}.Debug|x86.Build.0 = Debug|Any CPU
		{514DEA1E-FAE8-46B3-BD0C-6B94ED482099}.Release|Any CPU.ActiveCfg = Release|Any CPU
		{514DEA1E-FAE8-46B3-BD0C-6B94ED482099}.Release|Any CPU.Build.0 = Release|Any CPU
		{514DEA1E-FAE8-46B3-BD0C-6B94ED482099}.Release|x64.ActiveCfg = Release|Any CPU
		{514DEA1E-FAE8-46B3-BD0C-6B94ED482099}.Release|x64.Build.0 = Release|Any CPU
		{514DEA1E-FAE8-46B3-BD0C-6B94ED482099}.Release|x86.ActiveCfg = Release|Any CPU
		{514DEA1E-FAE8-46B3-BD0C-6B94ED482099}.Release|x86.Build.0 = Release|Any CPU
		{9F9C6703-0B43-C3D5-3EA5-EA7E44B7C742}.Debug|Any CPU.ActiveCfg = Debug|Any CPU
		{9F9C6703-0B43-C3D5-3EA5-EA7E44B7C742}.Debug|Any CPU.Build.0 = Debug|Any CPU
		{9F9C6703-0B43-C3D5-3EA5-EA7E44B7C742}.Debug|x64.ActiveCfg = Debug|Any CPU
		{9F9C6703-0B43-C3D5-3EA5-EA7E44B7C742}.Debug|x64.Build.0 = Debug|Any CPU
		{9F9C6703-0B43-C3D5-3EA5-EA7E44B7C742}.Debug|x86.ActiveCfg = Debug|Any CPU
		{9F9C6703-0B43-C3D5-3EA5-EA7E44B7C742}.Debug|x86.Build.0 = Debug|Any CPU
		{9F9C6703-0B43-C3D5-3EA5-EA7E44B7C742}.Release|Any CPU.ActiveCfg = Release|Any CPU
		{9F9C6703-0B43-C3D5-3EA5-EA7E44B7C742}.Release|Any CPU.Build.0 = Release|Any CPU
		{9F9C6703-0B43-C3D5-3EA5-EA7E44B7C742}.Release|x64.ActiveCfg = Release|Any CPU
		{9F9C6703-0B43-C3D5-3EA5-EA7E44B7C742}.Release|x64.Build.0 = Release|Any CPU
		{9F9C6703-0B43-C3D5-3EA5-EA7E44B7C742}.Release|x86.ActiveCfg = Release|Any CPU
		{9F9C6703-0B43-C3D5-3EA5-EA7E44B7C742}.Release|x86.Build.0 = Release|Any CPU
		{B3443AE9-CED1-44F9-A6F9-DE037C56D7B1}.Debug|Any CPU.ActiveCfg = Debug|Any CPU
		{B3443AE9-CED1-44F9-A6F9-DE037C56D7B1}.Debug|Any CPU.Build.0 = Debug|Any CPU
		{B3443AE9-CED1-44F9-A6F9-DE037C56D7B1}.Debug|x64.ActiveCfg = Debug|Any CPU
		{B3443AE9-CED1-44F9-A6F9-DE037C56D7B1}.Debug|x64.Build.0 = Debug|Any CPU
		{B3443AE9-CED1-44F9-A6F9-DE037C56D7B1}.Debug|x86.ActiveCfg = Debug|Any CPU
		{B3443AE9-CED1-44F9-A6F9-DE037C56D7B1}.Debug|x86.Build.0 = Debug|Any CPU
		{B3443AE9-CED1-44F9-A6F9-DE037C56D7B1}.Release|Any CPU.ActiveCfg = Release|Any CPU
		{B3443AE9-CED1-44F9-A6F9-DE037C56D7B1}.Release|Any CPU.Build.0 = Release|Any CPU
		{B3443AE9-CED1-44F9-A6F9-DE037C56D7B1}.Release|x64.ActiveCfg = Release|Any CPU
		{B3443AE9-CED1-44F9-A6F9-DE037C56D7B1}.Release|x64.Build.0 = Release|Any CPU
		{B3443AE9-CED1-44F9-A6F9-DE037C56D7B1}.Release|x86.ActiveCfg = Release|Any CPU
		{B3443AE9-CED1-44F9-A6F9-DE037C56D7B1}.Release|x86.Build.0 = Release|Any CPU
		{571CE5E3-1278-43CA-A399-4C10CB4FE582}.Debug|Any CPU.ActiveCfg = Debug|Any CPU
		{571CE5E3-1278-43CA-A399-4C10CB4FE582}.Debug|Any CPU.Build.0 = Debug|Any CPU
		{571CE5E3-1278-43CA-A399-4C10CB4FE582}.Debug|x64.ActiveCfg = Debug|Any CPU
		{571CE5E3-1278-43CA-A399-4C10CB4FE582}.Debug|x64.Build.0 = Debug|Any CPU
		{571CE5E3-1278-43CA-A399-4C10CB4FE582}.Debug|x86.ActiveCfg = Debug|Any CPU
		{571CE5E3-1278-43CA-A399-4C10CB4FE582}.Debug|x86.Build.0 = Debug|Any CPU
		{571CE5E3-1278-43CA-A399-4C10CB4FE582}.Release|Any CPU.ActiveCfg = Release|Any CPU
		{571CE5E3-1278-43CA-A399-4C10CB4FE582}.Release|Any CPU.Build.0 = Release|Any CPU
		{571CE5E3-1278-43CA-A399-4C10CB4FE582}.Release|x64.ActiveCfg = Release|Any CPU
		{571CE5E3-1278-43CA-A399-4C10CB4FE582}.Release|x64.Build.0 = Release|Any CPU
		{571CE5E3-1278-43CA-A399-4C10CB4FE582}.Release|x86.ActiveCfg = Release|Any CPU
		{571CE5E3-1278-43CA-A399-4C10CB4FE582}.Release|x86.Build.0 = Release|Any CPU
		{3F98359B-7B79-434A-8179-01AABC753F1C}.Debug|Any CPU.ActiveCfg = Debug|Any CPU
		{3F98359B-7B79-434A-8179-01AABC753F1C}.Debug|Any CPU.Build.0 = Debug|Any CPU
		{3F98359B-7B79-434A-8179-01AABC753F1C}.Debug|x64.ActiveCfg = Debug|Any CPU
		{3F98359B-7B79-434A-8179-01AABC753F1C}.Debug|x64.Build.0 = Debug|Any CPU
		{3F98359B-7B79-434A-8179-01AABC753F1C}.Debug|x86.ActiveCfg = Debug|Any CPU
		{3F98359B-7B79-434A-8179-01AABC753F1C}.Debug|x86.Build.0 = Debug|Any CPU
		{3F98359B-7B79-434A-8179-01AABC753F1C}.Release|Any CPU.ActiveCfg = Release|Any CPU
		{3F98359B-7B79-434A-8179-01AABC753F1C}.Release|Any CPU.Build.0 = Release|Any CPU
		{3F98359B-7B79-434A-8179-01AABC753F1C}.Release|x64.ActiveCfg = Release|Any CPU
		{3F98359B-7B79-434A-8179-01AABC753F1C}.Release|x64.Build.0 = Release|Any CPU
		{3F98359B-7B79-434A-8179-01AABC753F1C}.Release|x86.ActiveCfg = Release|Any CPU
		{3F98359B-7B79-434A-8179-01AABC753F1C}.Release|x86.Build.0 = Release|Any CPU
		{94FF3C25-CB1A-424D-9006-FA365532B9ED}.Debug|Any CPU.ActiveCfg = Debug|Any CPU
		{94FF3C25-CB1A-424D-9006-FA365532B9ED}.Debug|Any CPU.Build.0 = Debug|Any CPU
		{94FF3C25-CB1A-424D-9006-FA365532B9ED}.Debug|x64.ActiveCfg = Debug|Any CPU
		{94FF3C25-CB1A-424D-9006-FA365532B9ED}.Debug|x64.Build.0 = Debug|Any CPU
		{94FF3C25-CB1A-424D-9006-FA365532B9ED}.Debug|x86.ActiveCfg = Debug|Any CPU
		{94FF3C25-CB1A-424D-9006-FA365532B9ED}.Debug|x86.Build.0 = Debug|Any CPU
		{94FF3C25-CB1A-424D-9006-FA365532B9ED}.Release|Any CPU.ActiveCfg = Release|Any CPU
		{94FF3C25-CB1A-424D-9006-FA365532B9ED}.Release|Any CPU.Build.0 = Release|Any CPU
		{94FF3C25-CB1A-424D-9006-FA365532B9ED}.Release|x64.ActiveCfg = Release|Any CPU
		{94FF3C25-CB1A-424D-9006-FA365532B9ED}.Release|x64.Build.0 = Release|Any CPU
		{94FF3C25-CB1A-424D-9006-FA365532B9ED}.Release|x86.ActiveCfg = Release|Any CPU
		{94FF3C25-CB1A-424D-9006-FA365532B9ED}.Release|x86.Build.0 = Release|Any CPU
		{B27EF40A-E47E-40FD-8874-3A5CB09683D5}.Debug|Any CPU.ActiveCfg = Debug|Any CPU
		{B27EF40A-E47E-40FD-8874-3A5CB09683D5}.Debug|Any CPU.Build.0 = Debug|Any CPU
		{B27EF40A-E47E-40FD-8874-3A5CB09683D5}.Debug|x64.ActiveCfg = Debug|Any CPU
		{B27EF40A-E47E-40FD-8874-3A5CB09683D5}.Debug|x64.Build.0 = Debug|Any CPU
		{B27EF40A-E47E-40FD-8874-3A5CB09683D5}.Debug|x86.ActiveCfg = Debug|Any CPU
		{B27EF40A-E47E-40FD-8874-3A5CB09683D5}.Debug|x86.Build.0 = Debug|Any CPU
		{B27EF40A-E47E-40FD-8874-3A5CB09683D5}.Release|Any CPU.ActiveCfg = Release|Any CPU
		{B27EF40A-E47E-40FD-8874-3A5CB09683D5}.Release|Any CPU.Build.0 = Release|Any CPU
		{B27EF40A-E47E-40FD-8874-3A5CB09683D5}.Release|x64.ActiveCfg = Release|Any CPU
		{B27EF40A-E47E-40FD-8874-3A5CB09683D5}.Release|x64.Build.0 = Release|Any CPU
		{B27EF40A-E47E-40FD-8874-3A5CB09683D5}.Release|x86.ActiveCfg = Release|Any CPU
		{B27EF40A-E47E-40FD-8874-3A5CB09683D5}.Release|x86.Build.0 = Release|Any CPU
	EndGlobalSection
	GlobalSection(SolutionProperties) = preSolution
		HideSolutionNode = FALSE
	EndGlobalSection
	GlobalSection(ExtensibilityGlobals) = postSolution
		SolutionGuid = {0C34FDC4-DCCB-4121-91C3-6B24E3CEC27B}
	EndGlobalSection
EndGlobal
